
Microsoft Visual Studio Solution File, Format Version 12.00
# Visual Studio Version 17
VisualStudioVersion = 17.1.32210.238
MinimumVisualStudioVersion = 10.0.40219.1
Project("{FAE04EC0-301F-11D3-BF4B-00C04F79EFBC}") = "HomeWork_10", "HomeWork_10.csproj", "{0F11E112-4407-407D-B86C-1993AF807877}"
EndProject
Global
	GlobalSection(SolutionConfigurationPlatforms) = preSolution
		Debug|Any CPU = Debug|Any CPU
		Release|Any CPU = Release|Any CPU
	EndGlobalSection
	GlobalSection(ProjectConfigurationPlatforms) = postSolution
		{0F11E112-4407-407D-B86C-1993AF807877}.Debug|Any CPU.ActiveCfg = Debug|Any CPU
		{0F11E112-4407-407D-B86C-1993AF807877}.Debug|Any CPU.Build.0 = Debug|Any CPU
		{0F11E112-4407-407D-B86C-1993AF807877}.Release|Any CPU.ActiveCfg = Release|Any CPU
		{0F11E112-4407-407D-B86C-1993AF807877}.Release|Any CPU.Build.0 = Release|Any CPU
	EndGlobalSection
	GlobalSection(SolutionProperties) = preSolution
		HideSolutionNode = FALSE
	EndGlobalSection
	GlobalSection(ExtensibilityGlobals) = postSolution
		SolutionGuid = {B7431317-37B4-4BAB-B7F5-60E57265A98F}
	EndGlobalSection
EndGlobal
